
Microsoft Visual Studio Solution File, Format Version 12.00
# Visual Studio 15
VisualStudioVersion = 15.0.27130.2003
MinimumVisualStudioVersion = 10.0.40219.1
Project("{FAE04EC0-301F-11D3-BF4B-00C04F79EFBC}") = "MvcCountries.Tests", "MvcCountries.Tests\MvcCountries.Tests.csproj", "{2A04E008-7F8F-4F67-94E9-2372A33CFB01}"
EndProject
Project("{FAE04EC0-301F-11D3-BF4B-00C04F79EFBC}") = "MvcCountries.Core", "MvcCountries.Data\MvcCountries.Core.csproj", "{9A7988F2-81F6-4380-AD2D-1D097AF5FBAF}"
EndProject
Project("{FAE04EC0-301F-11D3-BF4B-00C04F79EFBC}") = "MvcCountries.Web", "MvcCountries.Web\MvcCountries.Web.csproj", "{E1CB036F-2EFE-4199-A44E-A99F036C91A6}"
EndProject
Global
	GlobalSection(SolutionConfigurationPlatforms) = preSolution
		Debug|Any CPU = Debug|Any CPU
		Release|Any CPU = Release|Any CPU
	EndGlobalSection
	GlobalSection(ProjectConfigurationPlatforms) = postSolution
		{2A04E008-7F8F-4F67-94E9-2372A33CFB01}.Debug|Any CPU.ActiveCfg = Debug|Any CPU
		{2A04E008-7F8F-4F67-94E9-2372A33CFB01}.Debug|Any CPU.Build.0 = Debug|Any CPU
		{2A04E008-7F8F-4F67-94E9-2372A33CFB01}.Release|Any CPU.ActiveCfg = Release|Any CPU
		{2A04E008-7F8F-4F67-94E9-2372A33CFB01}.Release|Any CPU.Build.0 = Release|Any CPU
		{9A7988F2-81F6-4380-AD2D-1D097AF5FBAF}.Debug|Any CPU.ActiveCfg = Debug|Any CPU
		{9A7988F2-81F6-4380-AD2D-1D097AF5FBAF}.Debug|Any CPU.Build.0 = Debug|Any CPU
		{9A7988F2-81F6-4380-AD2D-1D097AF5FBAF}.Release|Any CPU.ActiveCfg = Release|Any CPU
		{9A7988F2-81F6-4380-AD2D-1D097AF5FBAF}.Release|Any CPU.Build.0 = Release|Any CPU
		{E1CB036F-2EFE-4199-A44E-A99F036C91A6}.Debug|Any CPU.ActiveCfg = Debug|Any CPU
		{E1CB036F-2EFE-4199-A44E-A99F036C91A6}.Debug|Any CPU.Build.0 = Debug|Any CPU
		{E1CB036F-2EFE-4199-A44E-A99F036C91A6}.Release|Any CPU.ActiveCfg = Release|Any CPU
		{E1CB036F-2EFE-4199-A44E-A99F036C91A6}.Release|Any CPU.Build.0 = Release|Any CPU
	EndGlobalSection
	GlobalSection(SolutionProperties) = preSolution
		HideSolutionNode = FALSE
	EndGlobalSection
	GlobalSection(ExtensibilityGlobals) = postSolution
		SolutionGuid = {8D8D4295-2F2B-49D9-9E77-9974D743E9D9}
	EndGlobalSection
EndGlobal
